// !$*UTF8*$!
{
	archiveVersion = 1;
	classes = {
	};
	objectVersion = 56;
	objects = {

/* Begin PBXBuildFile section */
		B73AB3572A0553B700E40F48 /* AppDelegate.swift in Sources */ = {isa = PBXBuildFile; fileRef = B73AB3562A0553B700E40F48 /* AppDelegate.swift */; };
		B73AB3592A0553B700E40F48 /* ContentView.swift in Sources */ = {isa = PBXBuildFile; fileRef = B73AB3582A0553B700E40F48 /* ContentView.swift */; };
		B73AB35B2A0553B700E40F48 /* Experience.rcproject in Sources */ = {isa = PBXBuildFile; fileRef = B73AB35A2A0553B700E40F48 /* Experience.rcproject */; };
		B73AB35D2A0553B800E40F48 /* Assets.xcassets in Resources */ = {isa = PBXBuildFile; fileRef = B73AB35C2A0553B800E40F48 /* Assets.xcassets */; };
		B73AB3602A0553B800E40F48 /* Preview Assets.xcassets in Resources */ = {isa = PBXBuildFile; fileRef = B73AB35F2A0553B800E40F48 /* Preview Assets.xcassets */; };
		B73AB36A2A0553B900E40F48 /* ChemicalElementsTests.swift in Sources */ = {isa = PBXBuildFile; fileRef = B73AB3692A0553B900E40F48 /* ChemicalElementsTests.swift */; };
		B73AB3742A0553B900E40F48 /* ChemicalElementsUITests.swift in Sources */ = {isa = PBXBuildFile; fileRef = B73AB3732A0553B900E40F48 /* ChemicalElementsUITests.swift */; };
		B73AB3762A0553B900E40F48 /* ChemicalElementsUITestsLaunchTests.swift in Sources */ = {isa = PBXBuildFile; fileRef = B73AB3752A0553B900E40F48 /* ChemicalElementsUITestsLaunchTests.swift */; };
		B74EFC902A057EE300F0E770 /* CosmonautSuit_en.reality in Resources */ = {isa = PBXBuildFile; fileRef = B74EFC8F2A057EE300F0E770 /* CosmonautSuit_en.reality */; };
		B74EFC922A05821400F0E770 /* LunarRover_English.reality in Resources */ = {isa = PBXBuildFile; fileRef = B74EFC912A05821400F0E770 /* LunarRover_English.reality */; };
		B74EFC942A05828E00F0E770 /* hab_en.reality in Resources */ = {isa = PBXBuildFile; fileRef = B74EFC932A05828D00F0E770 /* hab_en.reality */; };
/* End PBXBuildFile section */

/* Begin PBXContainerItemProxy section */
		B73AB3662A0553B900E40F48 /* PBXContainerItemProxy */ = {
			isa = PBXContainerItemProxy;
			containerPortal = B73AB34B2A0553B700E40F48 /* Project object */;
			proxyType = 1;
			remoteGlobalIDString = B73AB3522A0553B700E40F48;
			remoteInfo = ChemicalElements;
		};
		B73AB3702A0553B900E40F48 /* PBXContainerItemProxy */ = {
			isa = PBXContainerItemProxy;
			containerPortal = B73AB34B2A0553B700E40F48 /* Project object */;
			proxyType = 1;
			remoteGlobalIDString = B73AB3522A0553B700E40F48;
			remoteInfo = ChemicalElements;
		};
/* End PBXContainerItemProxy section */

/* Begin PBXFileReference section */
		B73AB3532A0553B700E40F48 /* SpaceExplorer.app */ = {isa = PBXFileReference; explicitFileType = wrapper.application; includeInIndex = 0; path = SpaceExplorer.app; sourceTree = BUILT_PRODUCTS_DIR; };
		B73AB3562A0553B700E40F48 /* AppDelegate.swift */ = {isa = PBXFileReference; lastKnownFileType = sourcecode.swift; path = AppDelegate.swift; sourceTree = "<group>"; };
		B73AB3582A0553B700E40F48 /* ContentView.swift */ = {isa = PBXFileReference; lastKnownFileType = sourcecode.swift; path = ContentView.swift; sourceTree = "<group>"; };
		B73AB35A2A0553B700E40F48 /* Experience.rcproject */ = {isa = PBXFileReference; lastKnownFileType = file.rcproject; path = Experience.rcproject; sourceTree = "<group>"; };
		B73AB35C2A0553B800E40F48 /* Assets.xcassets */ = {isa = PBXFileReference; lastKnownFileType = folder.assetcatalog; path = Assets.xcassets; sourceTree = "<group>"; };
		B73AB35F2A0553B800E40F48 /* Preview Assets.xcassets */ = {isa = PBXFileReference; lastKnownFileType = folder.assetcatalog; path = "Preview Assets.xcassets"; sourceTree = "<group>"; };
		B73AB3652A0553B900E40F48 /* SpaceExplorerTests.xctest */ = {isa = PBXFileReference; explicitFileType = wrapper.cfbundle; includeInIndex = 0; path = SpaceExplorerTests.xctest; sourceTree = BUILT_PRODUCTS_DIR; };
		B73AB3692A0553B900E40F48 /* ChemicalElementsTests.swift */ = {isa = PBXFileReference; lastKnownFileType = sourcecode.swift; path = ChemicalElementsTests.swift; sourceTree = "<group>"; };
		B73AB36F2A0553B900E40F48 /* SpaceExplorerUITests.xctest */ = {isa = PBXFileReference; explicitFileType = wrapper.cfbundle; includeInIndex = 0; path = SpaceExplorerUITests.xctest; sourceTree = BUILT_PRODUCTS_DIR; };
		B73AB3732A0553B900E40F48 /* ChemicalElementsUITests.swift */ = {isa = PBXFileReference; lastKnownFileType = sourcecode.swift; path = ChemicalElementsUITests.swift; sourceTree = "<group>"; };
		B73AB3752A0553B900E40F48 /* ChemicalElementsUITestsLaunchTests.swift */ = {isa = PBXFileReference; lastKnownFileType = sourcecode.swift; path = ChemicalElementsUITestsLaunchTests.swift; sourceTree = "<group>"; };
		B74EFC8F2A057EE300F0E770 /* CosmonautSuit_en.reality */ = {isa = PBXFileReference; lastKnownFileType = file; path = CosmonautSuit_en.reality; sourceTree = "<group>"; };
		B74EFC912A05821400F0E770 /* LunarRover_English.reality */ = {isa = PBXFileReference; lastKnownFileType = file; path = LunarRover_English.reality; sourceTree = "<group>"; };
		B74EFC932A05828D00F0E770 /* hab_en.reality */ = {isa = PBXFileReference; lastKnownFileType = file; path = hab_en.reality; sourceTree = "<group>"; };
/* End PBXFileReference section */

/* Begin PBXFrameworksBuildPhase section */
		B73AB3502A0553B700E40F48 /* Frameworks */ = {
			isa = PBXFrameworksBuildPhase;
			buildActionMask = 2147483647;
			files = (
			);
			runOnlyForDeploymentPostprocessing = 0;
		};
		B73AB3622A0553B900E40F48 /* Frameworks */ = {
			isa = PBXFrameworksBuildPhase;
			buildActionMask = 2147483647;
			files = (
			);
			runOnlyForDeploymentPostprocessing = 0;
		};
		B73AB36C2A0553B900E40F48 /* Frameworks */ = {
			isa = PBXFrameworksBuildPhase;
			buildActionMask = 2147483647;
			files = (
			);
			runOnlyForDeploymentPostprocessing = 0;
		};
/* End PBXFrameworksBuildPhase section */

/* Begin PBXGroup section */
		B73AB34A2A0553B700E40F48 = {
			isa = PBXGroup;
			children = (
				B73AB3822A055B4A00E40F48 /* Models */,
				B73AB3552A0553B700E40F48 /* SpaceExplorer */,
				B73AB3682A0553B900E40F48 /* SpaceExplorerTests */,
				B73AB3722A0553B900E40F48 /* SpaceExplorerUITests */,
				B73AB3542A0553B700E40F48 /* Products */,
			);
			sourceTree = "<group>";
		};
		B73AB3542A0553B700E40F48 /* Products */ = {
			isa = PBXGroup;
			children = (
				B73AB3532A0553B700E40F48 /* SpaceExplorer.app */,
				B73AB3652A0553B900E40F48 /* SpaceExplorerTests.xctest */,
				B73AB36F2A0553B900E40F48 /* SpaceExplorerUITests.xctest */,
			);
			name = Products;
			sourceTree = "<group>";
		};
		B73AB3552A0553B700E40F48 /* SpaceExplorer */ = {
			isa = PBXGroup;
			children = (
				B73AB3562A0553B700E40F48 /* AppDelegate.swift */,
				B73AB3582A0553B700E40F48 /* ContentView.swift */,
				B73AB35A2A0553B700E40F48 /* Experience.rcproject */,
				B73AB35C2A0553B800E40F48 /* Assets.xcassets */,
				B73AB35E2A0553B800E40F48 /* Preview Content */,
			);
			path = SpaceExplorer;
			sourceTree = "<group>";
		};
		B73AB35E2A0553B800E40F48 /* Preview Content */ = {
			isa = PBXGroup;
			children = (
				B73AB35F2A0553B800E40F48 /* Preview Assets.xcassets */,
			);
			path = "Preview Content";
			sourceTree = "<group>";
		};
		B73AB3682A0553B900E40F48 /* SpaceExplorerTests */ = {
			isa = PBXGroup;
			children = (
				B73AB3692A0553B900E40F48 /* ChemicalElementsTests.swift */,
			);
			path = SpaceExplorerTests;
			sourceTree = "<group>";
		};
		B73AB3722A0553B900E40F48 /* SpaceExplorerUITests */ = {
			isa = PBXGroup;
			children = (
				B73AB3732A0553B900E40F48 /* ChemicalElementsUITests.swift */,
				B73AB3752A0553B900E40F48 /* ChemicalElementsUITestsLaunchTests.swift */,
			);
			path = SpaceExplorerUITests;
			sourceTree = "<group>";
		};
		B73AB3822A055B4A00E40F48 /* Models */ = {
			isa = PBXGroup;
			children = (
				B74EFC932A05828D00F0E770 /* hab_en.reality */,
				B74EFC912A05821400F0E770 /* LunarRover_English.reality */,
				B74EFC8F2A057EE300F0E770 /* CosmonautSuit_en.reality */,
			);
			path = Models;
			sourceTree = "<group>";
		};
/* End PBXGroup section */

/* Begin PBXNativeTarget section */
		B73AB3522A0553B700E40F48 /* SpaceExplorer */ = {
			isa = PBXNativeTarget;
			buildConfigurationList = B73AB3792A0553B900E40F48 /* Build configuration list for PBXNativeTarget "SpaceExplorer" */;
			buildPhases = (
				B73AB34F2A0553B700E40F48 /* Sources */,
				B73AB3502A0553B700E40F48 /* Frameworks */,
				B73AB3512A0553B700E40F48 /* Resources */,
			);
			buildRules = (
			);
			dependencies = (
			);
			name = SpaceExplorer;
			productName = ChemicalElements;
			productReference = B73AB3532A0553B700E40F48 /* SpaceExplorer.app */;
			productType = "com.apple.product-type.application";
		};
		B73AB3642A0553B900E40F48 /* SpaceExplorerTests */ = {
			isa = PBXNativeTarget;
			buildConfigurationList = B73AB37C2A0553B900E40F48 /* Build configuration list for PBXNativeTarget "SpaceExplorerTests" */;
			buildPhases = (
				B73AB3612A0553B900E40F48 /* Sources */,
				B73AB3622A0553B900E40F48 /* Frameworks */,
				B73AB3632A0553B900E40F48 /* Resources */,
			);
			buildRules = (
			);
			dependencies = (
				B73AB3672A0553B900E40F48 /* PBXTargetDependency */,
			);
			name = SpaceExplorerTests;
			productName = ChemicalElementsTests;
			productReference = B73AB3652A0553B900E40F48 /* SpaceExplorerTests.xctest */;
			productType = "com.apple.product-type.bundle.unit-test";
		};
		B73AB36E2A0553B900E40F48 /* SpaceExplorerUITests */ = {
			isa = PBXNativeTarget;
			buildConfigurationList = B73AB37F2A0553B900E40F48 /* Build configuration list for PBXNativeTarget "SpaceExplorerUITests" */;
			buildPhases = (
				B73AB36B2A0553B900E40F48 /* Sources */,
				B73AB36C2A0553B900E40F48 /* Frameworks */,
				B73AB36D2A0553B900E40F48 /* Resources */,
			);
			buildRules = (
			);
			dependencies = (
				B73AB3712A0553B900E40F48 /* PBXTargetDependency */,
			);
			name = SpaceExplorerUITests;
			productName = ChemicalElementsUITests;
			productReference = B73AB36F2A0553B900E40F48 /* SpaceExplorerUITests.xctest */;
			productType = "com.apple.product-type.bundle.ui-testing";
		};
/* End PBXNativeTarget section */

/* Begin PBXProject section */
		B73AB34B2A0553B700E40F48 /* Project object */ = {
			isa = PBXProject;
			attributes = {
				BuildIndependentTargetsInParallel = 1;
				LastSwiftUpdateCheck = 1430;
				LastUpgradeCheck = 1430;
				TargetAttributes = {
					B73AB3522A0553B700E40F48 = {
						CreatedOnToolsVersion = 14.3;
					};
					B73AB3642A0553B900E40F48 = {
						CreatedOnToolsVersion = 14.3;
						TestTargetID = B73AB3522A0553B700E40F48;
					};
					B73AB36E2A0553B900E40F48 = {
						CreatedOnToolsVersion = 14.3;
						TestTargetID = B73AB3522A0553B700E40F48;
					};
				};
			};
			buildConfigurationList = B73AB34E2A0553B700E40F48 /* Build configuration list for PBXProject "SpaceExplorer" */;
			compatibilityVersion = "Xcode 14.0";
			developmentRegion = en;
			hasScannedForEncodings = 0;
			knownRegions = (
				en,
				Base,
			);
			mainGroup = B73AB34A2A0553B700E40F48;
			productRefGroup = B73AB3542A0553B700E40F48 /* Products */;
			projectDirPath = "";
			projectRoot = "";
			targets = (
				B73AB3522A0553B700E40F48 /* SpaceExplorer */,
				B73AB3642A0553B900E40F48 /* SpaceExplorerTests */,
				B73AB36E2A0553B900E40F48 /* SpaceExplorerUITests */,
			);
		};
/* End PBXProject section */

/* Begin PBXResourcesBuildPhase section */
		B73AB3512A0553B700E40F48 /* Resources */ = {
			isa = PBXResourcesBuildPhase;
			buildActionMask = 2147483647;
			files = (
				B74EFC902A057EE300F0E770 /* CosmonautSuit_en.reality in Resources */,
				B74EFC922A05821400F0E770 /* LunarRover_English.reality in Resources */,
				B73AB3602A0553B800E40F48 /* Preview Assets.xcassets in Resources */,
				B74EFC942A05828E00F0E770 /* hab_en.reality in Resources */,
				B73AB35D2A0553B800E40F48 /* Assets.xcassets in Resources */,
			);
			runOnlyForDeploymentPostprocessing = 0;
		};
		B73AB3632A0553B900E40F48 /* Resources */ = {
			isa = PBXResourcesBuildPhase;
			buildActionMask = 2147483647;
			files = (
			);
			runOnlyForDeploymentPostprocessing = 0;
		};
		B73AB36D2A0553B900E40F48 /* Resources */ = {
			isa = PBXResourcesBuildPhase;
			buildActionMask = 2147483647;
			files = (
			);
			runOnlyForDeploymentPostprocessing = 0;
		};
/* End PBXResourcesBuildPhase section */

/* Begin PBXSourcesBuildPhase section */
		B73AB34F2A0553B700E40F48 /* Sources */ = {
			isa = PBXSourcesBuildPhase;
			buildActionMask = 2147483647;
			files = (
				B73AB3592A0553B700E40F48 /* ContentView.swift in Sources */,
				B73AB3572A0553B700E40F48 /* AppDelegate.swift in Sources */,
				B73AB35B2A0553B700E40F48 /* Experience.rcproject in Sources */,
			);
			runOnlyForDeploymentPostprocessing = 0;
		};
		B73AB3612A0553B900E40F48 /* Sources */ = {
			isa = PBXSourcesBuildPhase;
			buildActionMask = 2147483647;
			files = (
				B73AB36A2A0553B900E40F48 /* ChemicalElementsTests.swift in Sources */,
			);
			runOnlyForDeploymentPostprocessing = 0;
		};
		B73AB36B2A0553B900E40F48 /* Sources */ = {
			isa = PBXSourcesBuildPhase;
			buildActionMask = 2147483647;
			files = (
				B73AB3742A0553B900E40F48 /* ChemicalElementsUITests.swift in Sources */,
				B73AB3762A0553B900E40F48 /* ChemicalElementsUITestsLaunchTests.swift in Sources */,
			);
			runOnlyForDeploymentPostprocessing = 0;
		};
/* End PBXSourcesBuildPhase section */

/* Begin PBXTargetDependency section */
		B73AB3672A0553B900E40F48 /* PBXTargetDependency */ = {
			isa = PBXTargetDependency;
			target = B73AB3522A0553B700E40F48 /* SpaceExplorer */;
			targetProxy = B73AB3662A0553B900E40F48 /* PBXContainerItemProxy */;
		};
		B73AB3712A0553B900E40F48 /* PBXTargetDependency */ = {
			isa = PBXTargetDependency;
			target = B73AB3522A0553B700E40F48 /* SpaceExplorer */;
			targetProxy = B73AB3702A0553B900E40F48 /* PBXContainerItemProxy */;
		};
/* End PBXTargetDependency section */

/* Begin XCBuildConfiguration section */
		B73AB3772A0553B900E40F48 /* Debug */ = {
			isa = XCBuildConfiguration;
			buildSettings = {
				ALWAYS_SEARCH_USER_PATHS = NO;
				CLANG_ANALYZER_NONNULL = YES;
				CLANG_ANALYZER_NUMBER_OBJECT_CONVERSION = YES_AGGRESSIVE;
				CLANG_CXX_LANGUAGE_STANDARD = "gnu++20";
				CLANG_ENABLE_MODULES = YES;
				CLANG_ENABLE_OBJC_ARC = YES;
				CLANG_ENABLE_OBJC_WEAK = YES;
				CLANG_WARN_BLOCK_CAPTURE_AUTORELEASING = YES;
				CLANG_WARN_BOOL_CONVERSION = YES;
				CLANG_WARN_COMMA = YES;
				CLANG_WARN_CONSTANT_CONVERSION = YES;
				CLANG_WARN_DEPRECATED_OBJC_IMPLEMENTATIONS = YES;
				CLANG_WARN_DIRECT_OBJC_ISA_USAGE = YES_ERROR;
				CLANG_WARN_DOCUMENTATION_COMMENTS = YES;
				CLANG_WARN_EMPTY_BODY = YES;
				CLANG_WARN_ENUM_CONVERSION = YES;
				CLANG_WARN_INFINITE_RECURSION = YES;
				CLANG_WARN_INT_CONVERSION = YES;
				CLANG_WARN_NON_LITERAL_NULL_CONVERSION = YES;
				CLANG_WARN_OBJC_IMPLICIT_RETAIN_SELF = YES;
				CLANG_WARN_OBJC_LITERAL_CONVERSION = YES;
				CLANG_WARN_OBJC_ROOT_CLASS = YES_ERROR;
				CLANG_WARN_QUOTED_INCLUDE_IN_FRAMEWORK_HEADER = YES;
				CLANG_WARN_RANGE_LOOP_ANALYSIS = YES;
				CLANG_WARN_STRICT_PROTOTYPES = YES;
				CLANG_WARN_SUSPICIOUS_MOVE = YES;
				CLANG_WARN_UNGUARDED_AVAILABILITY = YES_AGGRESSIVE;
				CLANG_WARN_UNREACHABLE_CODE = YES;
				CLANG_WARN__DUPLICATE_METHOD_MATCH = YES;
				COPY_PHASE_STRIP = NO;
				DEBUG_INFORMATION_FORMAT = dwarf;
				ENABLE_STRICT_OBJC_MSGSEND = YES;
				ENABLE_TESTABILITY = YES;
				GCC_C_LANGUAGE_STANDARD = gnu11;
				GCC_DYNAMIC_NO_PIC = NO;
				GCC_NO_COMMON_BLOCKS = YES;
				GCC_OPTIMIZATION_LEVEL = 0;
				GCC_PREPROCESSOR_DEFINITIONS = (
					"DEBUG=1",
					"$(inherited)",
				);
				GCC_WARN_64_TO_32_BIT_CONVERSION = YES;
				GCC_WARN_ABOUT_RETURN_TYPE = YES_ERROR;
				GCC_WARN_UNDECLARED_SELECTOR = YES;
				GCC_WARN_UNINITIALIZED_AUTOS = YES_AGGRESSIVE;
				GCC_WARN_UNUSED_FUNCTION = YES;
				GCC_WARN_UNUSED_VARIABLE = YES;
				IPHONEOS_DEPLOYMENT_TARGET = 16.4;
				MTL_ENABLE_DEBUG_INFO = INCLUDE_SOURCE;
				MTL_FAST_MATH = YES;
				ONLY_ACTIVE_ARCH = YES;
				SDKROOT = iphoneos;
				SWIFT_ACTIVE_COMPILATION_CONDITIONS = DEBUG;
				SWIFT_OPTIMIZATION_LEVEL = "-Onone";
			};
			name = Debug;
		};
		B73AB3782A0553B900E40F48 /* Release */ = {
			isa = XCBuildConfiguration;
			buildSettings = {
				ALWAYS_SEARCH_USER_PATHS = NO;
				CLANG_ANALYZER_NONNULL = YES;
				CLANG_ANALYZER_NUMBER_OBJECT_CONVERSION = YES_AGGRESSIVE;
				CLANG_CXX_LANGUAGE_STANDARD = "gnu++20";
				CLANG_ENABLE_MODULES = YES;
				CLANG_ENABLE_OBJC_ARC = YES;
				CLANG_ENABLE_OBJC_WEAK = YES;
				CLANG_WARN_BLOCK_CAPTURE_AUTORELEASING = YES;
				CLANG_WARN_BOOL_CONVERSION = YES;
				CLANG_WARN_COMMA = YES;
				CLANG_WARN_CONSTANT_CONVERSION = YES;
				CLANG_WARN_DEPRECATED_OBJC_IMPLEMENTATIONS = YES;
				CLANG_WARN_DIRECT_OBJC_ISA_USAGE = YES_ERROR;
				CLANG_WARN_DOCUMENTATION_COMMENTS = YES;
				CLANG_WARN_EMPTY_BODY = YES;
				CLANG_WARN_ENUM_CONVERSION = YES;
				CLANG_WARN_INFINITE_RECURSION = YES;
				CLANG_WARN_INT_CONVERSION = YES;
				CLANG_WARN_NON_LITERAL_NULL_CONVERSION = YES;
				CLANG_WARN_OBJC_IMPLICIT_RETAIN_SELF = YES;
				CLANG_WARN_OBJC_LITERAL_CONVERSION = YES;
				CLANG_WARN_OBJC_ROOT_CLASS = YES_ERROR;
				CLANG_WARN_QUOTED_INCLUDE_IN_FRAMEWORK_HEADER = YES;
				CLANG_WARN_RANGE_LOOP_ANALYSIS = YES;
				CLANG_WARN_STRICT_PROTOTYPES = YES;
				CLANG_WARN_SUSPICIOUS_MOVE = YES;
				CLANG_WARN_UNGUARDED_AVAILABILITY = YES_AGGRESSIVE;
				CLANG_WARN_UNREACHABLE_CODE = YES;
				CLANG_WARN__DUPLICATE_METHOD_MATCH = YES;
				COPY_PHASE_STRIP = NO;
				DEBUG_INFORMATION_FORMAT = "dwarf-with-dsym";
				ENABLE_NS_ASSERTIONS = NO;
				ENABLE_STRICT_OBJC_MSGSEND = YES;
				GCC_C_LANGUAGE_STANDARD = gnu11;
				GCC_NO_COMMON_BLOCKS = YES;
				GCC_WARN_64_TO_32_BIT_CONVERSION = YES;
				GCC_WARN_ABOUT_RETURN_TYPE = YES_ERROR;
				GCC_WARN_UNDECLARED_SELECTOR = YES;
				GCC_WARN_UNINITIALIZED_AUTOS = YES_AGGRESSIVE;
				GCC_WARN_UNUSED_FUNCTION = YES;
				GCC_WARN_UNUSED_VARIABLE = YES;
				IPHONEOS_DEPLOYMENT_TARGET = 16.4;
				MTL_ENABLE_DEBUG_INFO = NO;
				MTL_FAST_MATH = YES;
				SDKROOT = iphoneos;
				SWIFT_COMPILATION_MODE = wholemodule;
				SWIFT_OPTIMIZATION_LEVEL = "-O";
				VALIDATE_PRODUCT = YES;
			};
			name = Release;
		};
		B73AB37A2A0553B900E40F48 /* Debug */ = {
			isa = XCBuildConfiguration;
			buildSettings = {
				ASSETCATALOG_COMPILER_APPICON_NAME = AppIcon;
				ASSETCATALOG_COMPILER_GLOBAL_ACCENT_COLOR_NAME = AccentColor;
				CODE_SIGN_STYLE = Automatic;
				CURRENT_PROJECT_VERSION = 1;
				DEVELOPMENT_ASSET_PATHS = "\"SpaceExplorer/Preview Content\"";
				DEVELOPMENT_TEAM = LDVXGEJV76;
				ENABLE_PREVIEWS = YES;
				GENERATE_INFOPLIST_FILE = YES;
				INFOPLIST_KEY_LSApplicationCategoryType = "public.app-category.education";
				INFOPLIST_KEY_NSCameraUsageDescription = "";
				INFOPLIST_KEY_UIApplicationSupportsIndirectInputEvents = YES;
				INFOPLIST_KEY_UILaunchScreen_Generation = YES;
				INFOPLIST_KEY_UIRequiredDeviceCapabilities = arkit;
				INFOPLIST_KEY_UIStatusBarHidden = YES;
				INFOPLIST_KEY_UISupportedInterfaceOrientations_iPad = "UIInterfaceOrientationPortrait UIInterfaceOrientationPortraitUpsideDown UIInterfaceOrientationLandscapeLeft UIInterfaceOrientationLandscapeRight";
				INFOPLIST_KEY_UISupportedInterfaceOrientations_iPhone = "UIInterfaceOrientationPortrait UIInterfaceOrientationLandscapeLeft UIInterfaceOrientationLandscapeRight";
				LD_RUNPATH_SEARCH_PATHS = (
					"$(inherited)",
					"@executable_path/Frameworks",
				);
				MARKETING_VERSION = 1.0;
				PRODUCT_BUNDLE_IDENTIFIER = sk.lukasharing.SpaceExplorer;
				PRODUCT_NAME = "$(TARGET_NAME)";
				SWIFT_EMIT_LOC_STRINGS = YES;
				SWIFT_VERSION = 5.0;
				TARGETED_DEVICE_FAMILY = "1,2";
			};
			name = Debug;
		};
		B73AB37B2A0553B900E40F48 /* Release */ = {
			isa = XCBuildConfiguration;
			buildSettings = {
				ASSETCATALOG_COMPILER_APPICON_NAME = AppIcon;
				ASSETCATALOG_COMPILER_GLOBAL_ACCENT_COLOR_NAME = AccentColor;
				CODE_SIGN_STYLE = Automatic;
				CURRENT_PROJECT_VERSION = 1;
				DEVELOPMENT_ASSET_PATHS = "\"SpaceExplorer/Preview Content\"";
				DEVELOPMENT_TEAM = LDVXGEJV76;
				ENABLE_PREVIEWS = YES;
				GENERATE_INFOPLIST_FILE = YES;
				INFOPLIST_KEY_LSApplicationCategoryType = "public.app-category.education";
				INFOPLIST_KEY_NSCameraUsageDescription = "";
				INFOPLIST_KEY_UIApplicationSupportsIndirectInputEvents = YES;
				INFOPLIST_KEY_UILaunchScreen_Generation = YES;
				INFOPLIST_KEY_UIRequiredDeviceCapabilities = arkit;
				INFOPLIST_KEY_UIStatusBarHidden = YES;
				INFOPLIST_KEY_UISupportedInterfaceOrientations_iPad = "UIInterfaceOrientationPortrait UIInterfaceOrientationPortraitUpsideDown UIInterfaceOrientationLandscapeLeft UIInterfaceOrientationLandscapeRight";
				INFOPLIST_KEY_UISupportedInterfaceOrientations_iPhone = "UIInterfaceOrientationPortrait UIInterfaceOrientationLandscapeLeft UIInterfaceOrientationLandscapeRight";
				LD_RUNPATH_SEARCH_PATHS = (
					"$(inherited)",
					"@executable_path/Frameworks",
				);
				MARKETING_VERSION = 1.0;
				PRODUCT_BUNDLE_IDENTIFIER = sk.lukasharing.SpaceExplorer;
				PRODUCT_NAME = "$(TARGET_NAME)";
				SWIFT_EMIT_LOC_STRINGS = YES;
				SWIFT_VERSION = 5.0;
				TARGETED_DEVICE_FAMILY = "1,2";
			};
			name = Release;
		};
		B73AB37D2A0553B900E40F48 /* Debug */ = {
			isa = XCBuildConfiguration;
			buildSettings = {
				ALWAYS_EMBED_SWIFT_STANDARD_LIBRARIES = YES;
				BUNDLE_LOADER = "$(TEST_HOST)";
				CODE_SIGN_STYLE = Automatic;
				CURRENT_PROJECT_VERSION = 1;
				GENERATE_INFOPLIST_FILE = YES;
				IPHONEOS_DEPLOYMENT_TARGET = 16.4;
				MARKETING_VERSION = 1.0;
				PRODUCT_BUNDLE_IDENTIFIER = sk.lukasharing.ChemicalElementsTests;
				PRODUCT_NAME = "$(TARGET_NAME)";
				SWIFT_EMIT_LOC_STRINGS = NO;
				SWIFT_VERSION = 5.0;
				TARGETED_DEVICE_FAMILY = "1,2";
				TEST_HOST = "$(BUILT_PRODUCTS_DIR)/SpaceExplorer.app/$(BUNDLE_EXECUTABLE_FOLDER_PATH)/SpaceExplorer";
			};
			name = Debug;
		};
		B73AB37E2A0553B900E40F48 /* Release */ = {
			isa = XCBuildConfiguration;
			buildSettings = {
				ALWAYS_EMBED_SWIFT_STANDARD_LIBRARIES = YES;
				BUNDLE_LOADER = "$(TEST_HOST)";
				CODE_SIGN_STYLE = Automatic;
				CURRENT_PROJECT_VERSION = 1;
				GENERATE_INFOPLIST_FILE = YES;
				IPHONEOS_DEPLOYMENT_TARGET = 16.4;
				MARKETING_VERSION = 1.0;
				PRODUCT_BUNDLE_IDENTIFIER = sk.lukasharing.ChemicalElementsTests;
				PRODUCT_NAME = "$(TARGET_NAME)";
				SWIFT_EMIT_LOC_STRINGS = NO;
				SWIFT_VERSION = 5.0;
				TARGETED_DEVICE_FAMILY = "1,2";
				TEST_HOST = "$(BUILT_PRODUCTS_DIR)/SpaceExplorer.app/$(BUNDLE_EXECUTABLE_FOLDER_PATH)/SpaceExplorer";
			};
			name = Release;
		};
		B73AB3802A0553B900E40F48 /* Debug */ = {
			isa = XCBuildConfiguration;
			buildSettings = {
				ALWAYS_EMBED_SWIFT_STANDARD_LIBRARIES = YES;
				CODE_SIGN_STYLE = Automatic;
				CURRENT_PROJECT_VERSION = 1;
				GENERATE_INFOPLIST_FILE = YES;
				MARKETING_VERSION = 1.0;
				PRODUCT_BUNDLE_IDENTIFIER = sk.lukasharing.ChemicalElementsUITests;
				PRODUCT_NAME = "$(TARGET_NAME)";
				SWIFT_EMIT_LOC_STRINGS = NO;
				SWIFT_VERSION = 5.0;
				TARGETED_DEVICE_FAMILY = "1,2";
				TEST_TARGET_NAME = ChemicalElements;
			};
			name = Debug;
		};
		B73AB3812A0553B900E40F48 /* Release */ = {
			isa = XCBuildConfiguration;
			buildSettings = {
				ALWAYS_EMBED_SWIFT_STANDARD_LIBRARIES = YES;
				CODE_SIGN_STYLE = Automatic;
				CURRENT_PROJECT_VERSION = 1;
				GENERATE_INFOPLIST_FILE = YES;
				MARKETING_VERSION = 1.0;
				PRODUCT_BUNDLE_IDENTIFIER = sk.lukasharing.ChemicalElementsUITests;
				PRODUCT_NAME = "$(TARGET_NAME)";
				SWIFT_EMIT_LOC_STRINGS = NO;
				SWIFT_VERSION = 5.0;
				TARGETED_DEVICE_FAMILY = "1,2";
				TEST_TARGET_NAME = ChemicalElements;
			};
			name = Release;
		};
/* End XCBuildConfiguration section */

/* Begin XCConfigurationList section */
		B73AB34E2A0553B700E40F48 /* Build configuration list for PBXProject "SpaceExplorer" */ = {
			isa = XCConfigurationList;
			buildConfigurations = (
				B73AB3772A0553B900E40F48 /* Debug */,
				B73AB3782A0553B900E40F48 /* Release */,
			);
			defaultConfigurationIsVisible = 0;
			defaultConfigurationName = Release;
		};
		B73AB3792A0553B900E40F48 /* Build configuration list for PBXNativeTarget "SpaceExplorer" */ = {
			isa = XCConfigurationList;
			buildConfigurations = (
				B73AB37A2A0553B900E40F48 /* Debug */,
				B73AB37B2A0553B900E40F48 /* Release */,
			);
			defaultConfigurationIsVisible = 0;
			defaultConfigurationName = Release;
		};
		B73AB37C2A0553B900E40F48 /* Build configuration list for PBXNativeTarget "SpaceExplorerTests" */ = {
			isa = XCConfigurationList;
			buildConfigurations = (
				B73AB37D2A0553B900E40F48 /* Debug */,
				B73AB37E2A0553B900E40F48 /* Release */,
			);
			defaultConfigurationIsVisible = 0;
			defaultConfigurationName = Release;
		};
		B73AB37F2A0553B900E40F48 /* Build configuration list for PBXNativeTarget "SpaceExplorerUITests" */ = {
			isa = XCConfigurationList;
			buildConfigurations = (
				B73AB3802A0553B900E40F48 /* Debug */,
				B73AB3812A0553B900E40F48 /* Release */,
			);
			defaultConfigurationIsVisible = 0;
			defaultConfigurationName = Release;
		};
/* End XCConfigurationList section */
	};
	rootObject = B73AB34B2A0553B700E40F48 /* Project object */;
}
